{
  "projects": [
    {
      "projectId": "58GpZjZCWTaJ8AUhpCwt2K",
      "version": "3.26.0",
      "dependencies": {},
      "lang": "ts",
      "fileLocks": [
        {
          "assetId": "58GpZjZCWTaJ8AUhpCwt2K",
          "type": "projectCss",
          "checksum": "fd84921cc10936e6ceb458c2ae01c4bd"
        }
      ],
      "codegenVersion": "0.0.1"
    },
    {
      "projectId": "7nJ7UcFmq9UzB6eXfC5z4a",
      "version": "0.29.0",
      "dependencies": {},
      "lang": "ts",
      "fileLocks": [
        {
          "assetId": "7nJ7UcFmq9UzB6eXfC5z4a",
          "type": "projectCss",
          "checksum": "05587b57f22f0ec8bb54543deb39762e"
        }
      ],
      "codegenVersion": "0.0.1"
    },
    {
      "projectId": "gd1H1uCWRH6F4jKe3bUHd7",
      "version": "latest",
      "dependencies": {
        "7nJ7UcFmq9UzB6eXfC5z4a": "0.29.0",
        "58GpZjZCWTaJ8AUhpCwt2K": "3.26.0"
      },
      "lang": "ts",
      "fileLocks": [
        {
          "type": "globalVariant",
          "assetId": "98Gs-1gP2kmm",
          "checksum": "0b7fc61e8d31cfddc33c41c62ec597ac"
        },
        {
          "type": "renderModule",
          "assetId": "utnSrakb5kVr",
          "checksum": "d6ed2997ef066542fc1a7ab52b2d13cf"
        },
        {
          "type": "cssRules",
          "assetId": "utnSrakb5kVr",
          "checksum": "d6ed2997ef066542fc1a7ab52b2d13cf"
        },
        {
          "type": "renderModule",
          "assetId": "y-xomoKDxMRb",
          "checksum": "f95431181683365786a1c26cd36e3e94"
        },
        {
          "type": "cssRules",
          "assetId": "y-xomoKDxMRb",
          "checksum": "f95431181683365786a1c26cd36e3e94"
        },
        {
          "type": "renderModule",
          "assetId": "zFqZks37Uj94",
          "checksum": "1d811bee627f1ba832afb5dde6b4772d"
        },
        {
          "type": "cssRules",
          "assetId": "zFqZks37Uj94",
          "checksum": "1d811bee627f1ba832afb5dde6b4772d"
        },
        {
          "type": "renderModule",
          "assetId": "LCJn7xNW9o65",
          "checksum": "64d1da694ea3c67c7e4f48fe55ea1896"
        },
        {
          "type": "cssRules",
          "assetId": "LCJn7xNW9o65",
          "checksum": "64d1da694ea3c67c7e4f48fe55ea1896"
        },
        {
          "type": "renderModule",
          "assetId": "MmyIgM8jvicw",
          "checksum": "3e9ea0070bacd6e4e54a235db5e9be7c"
        },
        {
          "type": "cssRules",
          "assetId": "MmyIgM8jvicw",
          "checksum": "3e9ea0070bacd6e4e54a235db5e9be7c"
        },
        {
          "type": "renderModule",
          "assetId": "nBfKaxyhlTEF",
          "checksum": "138051b2d94eaa174a9fff58b46e06d8"
        },
        {
          "type": "cssRules",
          "assetId": "nBfKaxyhlTEF",
          "checksum": "138051b2d94eaa174a9fff58b46e06d8"
        },
        {
          "type": "renderModule",
          "assetId": "l-YePU5VGW3b",
          "checksum": "c5b36db30aeaa1f6c653bd968401b16e"
        },
        {
          "type": "cssRules",
          "assetId": "l-YePU5VGW3b",
          "checksum": "c5b36db30aeaa1f6c653bd968401b16e"
        },
        {
          "type": "renderModule",
          "assetId": "Dr_4R_KXUGSx",
          "checksum": "18ed4ae34484abc3edad97fc9dbcaed5"
        },
        {
          "type": "cssRules",
          "assetId": "Dr_4R_KXUGSx",
          "checksum": "18ed4ae34484abc3edad97fc9dbcaed5"
        },
        {
          "type": "renderModule",
          "assetId": "Z5a4-9abdCVS",
          "checksum": "71e8d4b03efe4137fe87d2e1a22d0dd6"
        },
        {
          "type": "cssRules",
          "assetId": "Z5a4-9abdCVS",
          "checksum": "71e8d4b03efe4137fe87d2e1a22d0dd6"
        },
        {
          "type": "renderModule",
          "assetId": "4xzx4CgC1wGz",
          "checksum": "5faeae6f7acf75f1507750f13a1aa2d0"
        },
        {
          "type": "cssRules",
          "assetId": "4xzx4CgC1wGz",
          "checksum": "5faeae6f7acf75f1507750f13a1aa2d0"
        },
        {
          "type": "icon",
          "assetId": "SVd0TCwTKhtX",
          "checksum": "4922a6cf3e16309dce096dbe7a12ad07"
        },
        {
          "type": "icon",
          "assetId": "aq0Q9olNW_J3",
          "checksum": "76c1f7499b880461c1713e62205740e3"
        },
        {
          "type": "icon",
          "assetId": "nFjMMtvvkLP2",
          "checksum": "94c83f95846b4bbca71a9554fbaed614"
        },
        {
          "type": "icon",
          "assetId": "OvWiYPUNwYMQ",
          "checksum": "b576e4f497533dfcbfafe733532ad8a8"
        },
        {
          "type": "icon",
          "assetId": "wTIIR24uZQxT",
          "checksum": "de6c056d7307be50d6c712bd1e99382f"
        },
        {
          "type": "icon",
          "assetId": "3by9Lb89wFGB",
          "checksum": "11dcdd79f5469725bd774ce16d9bd49a"
        },
        {
          "type": "icon",
          "assetId": "DJndj3Mo4-Yy",
          "checksum": "6b932933278acef4c8916050ff09505c"
        },
        {
          "type": "icon",
          "assetId": "ifHOMEowswyX",
          "checksum": "8a07952cd0c0014df847934b00a42f55"
        },
        {
          "type": "icon",
          "assetId": "G66iN9fceE7M",
          "checksum": "46b661643a2641eeb22abff228d65a0c"
        },
        {
          "type": "icon",
          "assetId": "jA_chcHoUaTE",
          "checksum": "4bdc2a661413134f41f56815c4f19e6a"
        },
        {
          "type": "image",
          "assetId": "tgOKAKCVkbON",
          "checksum": "04ba5e0f70a27788eba8f216407eabdb"
        },
        {
          "type": "image",
          "assetId": "ZLJ6ZAaVyj5P",
          "checksum": "2f6c3361b43978d1d31b87845f19cfb4"
        },
        {
          "type": "image",
          "assetId": "dRB2mo065ILK",
          "checksum": "d09929d4f062f9b6315d0130fc502ce5"
        },
        {
          "type": "image",
          "assetId": "EDEQ62qFNmnI",
          "checksum": "53a7050e3e7ef1892a840afaf6c0f91d"
        },
        {
          "type": "image",
          "assetId": "hFX3FXjVvte1",
          "checksum": "9e7c5ec0fb8857da8b5d5241ee0987f7"
        },
        {
          "type": "image",
          "assetId": "liAYB8uDB8zS",
          "checksum": "93c67ecd98af2fdc8255c6d933bef0f8"
        },
        {
          "type": "image",
          "assetId": "pgGntNx_q2ZM",
          "checksum": "322e439f283cdc4cb510bdfe8a22dcf7"
        },
        {
          "type": "image",
          "assetId": "lwWtD0IzapKj",
          "checksum": "99ff3ad09a8183eca45cb04b0ac5d0b9"
        },
        {
          "type": "image",
          "assetId": "_KM1sdjohHuv",
          "checksum": "63043985f26c4d9bb7f2bb97f4f2bc69"
        },
        {
          "type": "image",
          "assetId": "dSAaLCmuIKy6",
          "checksum": "b80651f4d017f452a7a81debeb48ff88"
        },
        {
          "type": "image",
          "assetId": "JEO5PBc1m_6B",
          "checksum": "92e8edba627756034a05d6600bcc080c"
        },
        {
          "type": "image",
          "assetId": "IAVNGOgnE4Vx",
          "checksum": "936fe16ea15c0010a84492781d271e98"
        },
        {
          "type": "image",
          "assetId": "v72pkc3ALCtz",
          "checksum": "333ebb7a82f7743e03927daec809dc02"
        },
        {
          "type": "image",
          "assetId": "ZG8eTSYZNJvg",
          "checksum": "84a6c10075529790070229beb3720cd2"
        },
        {
          "type": "image",
          "assetId": "CI5ByNT4cHpF",
          "checksum": "bc4f1625eea2d431708bbef18c8a0637"
        },
        {
          "type": "image",
          "assetId": "zEFCcKe_nExh",
          "checksum": "681da9744436d2d7a2f9fc4ef907d9c8"
        },
        {
          "type": "image",
          "assetId": "l6NsG3asqMIx",
          "checksum": "49c861e2a8a000a49145a9c75397a0d3"
        },
        {
          "type": "image",
          "assetId": "pyPt2k7K0sQO",
          "checksum": "2df2260d22a31d9633d2b26464de5525"
        },
        {
          "type": "image",
          "assetId": "aI2B-smZvzEd",
          "checksum": "6629797e00608c44c73673c9513c7b5f"
        },
        {
          "type": "image",
          "assetId": "cZURrDN_ISIw",
          "checksum": "5772222d1b0c4b1cc302eadd9666065f"
        },
        {
          "type": "image",
          "assetId": "-pADZKpUPuhL",
          "checksum": "af5fef493c8315bb17ad164477d810d2"
        },
        {
          "type": "image",
          "assetId": "_NMrTkiM1yFT",
          "checksum": "ffbb3674afa48d408d93e875950111f3"
        },
        {
          "type": "image",
          "assetId": "_3qc71y5ey9o",
          "checksum": "07f59bb9dc7892a9948d733f67ebac32"
        },
        {
          "type": "image",
          "assetId": "nU0K0igXpWFs",
          "checksum": "1c73ff0a6f735d453e4c9e8b8e4400b4"
        },
        {
          "type": "image",
          "assetId": "Ak0Au7eW_ORJ",
          "checksum": "ad18731dc60b05aaf420e4d65af59af9"
        },
        {
          "type": "image",
          "assetId": "LvRxKrV8uNtQ",
          "checksum": "c55d2287b24c449e78ee9ca7b40f5f1c"
        },
        {
          "type": "image",
          "assetId": "VOVVC0NpGT58",
          "checksum": "c8937100effa768ad66b7ce45e07e78c"
        },
        {
          "type": "image",
          "assetId": "7xyHvrkTvZs2",
          "checksum": "91d56efe6466391271842472cc8cac3b"
        },
        {
          "type": "image",
          "assetId": "CMYkKn_flNFI",
          "checksum": "9142fe3ec3908c36d433cf2e44b243ca"
        },
        {
          "type": "image",
          "assetId": "JqwnxuOQJrJy",
          "checksum": "d87075592952aec1c59002cf589d58c4"
        },
        {
          "type": "image",
          "assetId": "-wK-y3J947KT",
          "checksum": "33813dc3025044123b1d485ca95f09c3"
        },
        {
          "type": "image",
          "assetId": "qXAzSJpW0x87",
          "checksum": "d12804c4a2c405184a1a9d6c4ac27ff5"
        },
        {
          "type": "image",
          "assetId": "4wQ128dHL2JM",
          "checksum": "792aef7897d0b43011d7190d72319e9b"
        },
        {
          "type": "image",
          "assetId": "11iLhB_DI6GP",
          "checksum": "f9a07b36c5c75a4460ceb77fb7949e55"
        },
        {
          "type": "image",
          "assetId": "MA38ahPJ1Wz7",
          "checksum": "deeb67bffe95335f0a89b2994f34882f"
        },
        {
          "type": "image",
          "assetId": "K4qVvDbEiXbf",
          "checksum": "b859d82ca09851674917eedb7e44151d"
        },
        {
          "type": "image",
          "assetId": "TCUbAKWl249L",
          "checksum": "5fc2a3c91c75d5d291aeda24f7ef945f"
        },
        {
          "type": "image",
          "assetId": "Wi1bbO2BV1uM",
          "checksum": "6e5d31a40b15751b73f74be8716b99d1"
        },
        {
          "type": "image",
          "assetId": "oPeaSGcG1Qh8",
          "checksum": "d59b08762e6899208444a215273ec524"
        },
        {
          "type": "image",
          "assetId": "xc2OAouN07mu",
          "checksum": "803980901705464dbfaaa554403aba08"
        },
        {
          "type": "image",
          "assetId": "ltYBI7b0iPS4",
          "checksum": "5c15e3b7de6d9ded925b092f48fd5734"
        },
        {
          "type": "image",
          "assetId": "BqZJyhTJnOiW",
          "checksum": "bd8bfb5c1303688c9db4c6f8b60d5097"
        },
        {
          "type": "image",
          "assetId": "7Nso-y-G8aTB",
          "checksum": "87eddf54d0bdcccd89852fc6fc84c512"
        },
        {
          "type": "image",
          "assetId": "SbvPKSws96nm",
          "checksum": "818e54cbeb8b924270fcaac6eb51236d"
        },
        {
          "assetId": "gd1H1uCWRH6F4jKe3bUHd7",
          "type": "projectCss",
          "checksum": "991305c39e9df031c9195e59114900d9"
        }
      ],
      "codegenVersion": "0.0.1"
    }
  ],
  "cliVersion": "0.1.334"
}
